
Microsoft Visual Studio Solution File, Format Version 12.00
# Visual Studio 2013
VisualStudioVersion = 12.0.31101.0
MinimumVisualStudioVersion = 10.0.40219.1
Project("{2150E333-8FDC-42A3-9474-1A3956D46DE8}") = "Basic", "Basic", "{39EBA0EE-2841-4732-A2B7-4E5151507B7F}"
EndProject
Project("{FAE04EC0-301F-11D3-BF4B-00C04F79EFBC}") = "Ovule.Nomad.Sample.Basic.Args", "Ovule.Nomad.Sample.Basic.Args\Ovule.Nomad.Sample.Basic.Args.csproj", "{B62D18C5-E76C-4113-BA3B-191182591E7B}"
EndProject
Project("{FAE04EC0-301F-11D3-BF4B-00C04F79EFBC}") = "Ovule.Nomad.Sample.Basic.MemberVariables", "Ovule.Nomad.Sample.Basic.MemberVariables\Ovule.Nomad.Sample.Basic.MemberVariables.csproj", "{5DB36886-1A33-4513-BF1E-E151F0344D7B}"
EndProject
Project("{FAE04EC0-301F-11D3-BF4B-00C04F79EFBC}") = "Ovule.Nomad.Sample.Basic.HelloWorld", "Ovule.Nomad.Sample.Basic.HelloWorld\Ovule.Nomad.Sample.Basic.HelloWorld.csproj", "{08925B7E-5B1C-4019-8DC2-0397FF17D8E4}"
EndProject
Project("{FAE04EC0-301F-11D3-BF4B-00C04F79EFBC}") = "Ovule.Nomad.Sample.Basic.Chain", "Ovule.Nomad.Sample.Basic.Chain\Ovule.Nomad.Sample.Basic.Chain.csproj", "{A20B5CEA-BE40-4586-BD64-DB3CC006EB9D}"
EndProject
Project("{FAE04EC0-301F-11D3-BF4B-00C04F79EFBC}") = "Ovule.Nomad.Sample.Basic.Thread", "Ovule.Nomad.Sample.Basic.Thread\Ovule.Nomad.Sample.Basic.Thread.csproj", "{524B0E1B-FABF-48CC-AC82-185A2491A610}"
EndProject
Project("{2150E333-8FDC-42A3-9474-1A3956D46DE8}") = "SemiRealistic", "SemiRealistic", "{B2FA5D09-1576-405A-B22A-0C1EF712AA00}"
EndProject
Project("{2150E333-8FDC-42A3-9474-1A3956D46DE8}") = "Serialisation", "Serialisation", "{2EE348C0-F62D-4810-9C7C-81082FC52A0C}"
EndProject
Project("{2150E333-8FDC-42A3-9474-1A3956D46DE8}") = "Chat", "Chat", "{B34A4605-4A52-4B71-A0D0-552CD0896385}"
EndProject
Project("{FAE04EC0-301F-11D3-BF4B-00C04F79EFBC}") = "Ovule.Nomad.Sample.Basic.NomadType", "Ovule.Nomad.Sample.Basic.NomadType\Ovule.Nomad.Sample.Basic.NomadType.csproj", "{5BEF228A-70B9-4E51-88C3-E47CF81D4AE4}"
EndProject
Project("{FAE04EC0-301F-11D3-BF4B-00C04F79EFBC}") = "Ovule.Nomad.Sample.SemiRealistic.Client", "Ovule.Nomad.Sample.SemiRealistic.Client\Ovule.Nomad.Sample.SemiRealistic.Client.csproj", "{7F55F964-0186-4560-A102-BA8A226EF3BC}"
EndProject
Project("{FAE04EC0-301F-11D3-BF4B-00C04F79EFBC}") = "Ovule.Nomad.Sample.SemiRealistic.Server", "Ovule.Nomad.Sample.SemiRealistic.Server\Ovule.Nomad.Sample.SemiRealistic.Server.csproj", "{254C85CD-A188-4FC6-8B2C-9EDDE7E990B2}"
EndProject
Project("{FAE04EC0-301F-11D3-BF4B-00C04F79EFBC}") = "Ovule.Nomad.Sample.SemiRealistic.Entity", "Ovule.Nomad.Sample.SemiRealistic.Entity\Ovule.Nomad.Sample.SemiRealistic.Entity.csproj", "{0670FE70-C12B-4174-AD85-F7F5453C3BBB}"
EndProject
Global
	GlobalSection(SolutionConfigurationPlatforms) = preSolution
		Debug|Any CPU = Debug|Any CPU
		Release|Any CPU = Release|Any CPU
	EndGlobalSection
	GlobalSection(ProjectConfigurationPlatforms) = postSolution
		{B62D18C5-E76C-4113-BA3B-191182591E7B}.Debug|Any CPU.ActiveCfg = Debug|Any CPU
		{B62D18C5-E76C-4113-BA3B-191182591E7B}.Debug|Any CPU.Build.0 = Debug|Any CPU
		{B62D18C5-E76C-4113-BA3B-191182591E7B}.Release|Any CPU.ActiveCfg = Release|Any CPU
		{B62D18C5-E76C-4113-BA3B-191182591E7B}.Release|Any CPU.Build.0 = Release|Any CPU
		{5DB36886-1A33-4513-BF1E-E151F0344D7B}.Debug|Any CPU.ActiveCfg = Debug|Any CPU
		{5DB36886-1A33-4513-BF1E-E151F0344D7B}.Debug|Any CPU.Build.0 = Debug|Any CPU
		{5DB36886-1A33-4513-BF1E-E151F0344D7B}.Release|Any CPU.ActiveCfg = Release|Any CPU
		{5DB36886-1A33-4513-BF1E-E151F0344D7B}.Release|Any CPU.Build.0 = Release|Any CPU
		{08925B7E-5B1C-4019-8DC2-0397FF17D8E4}.Debug|Any CPU.ActiveCfg = Debug|Any CPU
		{08925B7E-5B1C-4019-8DC2-0397FF17D8E4}.Debug|Any CPU.Build.0 = Debug|Any CPU
		{08925B7E-5B1C-4019-8DC2-0397FF17D8E4}.Release|Any CPU.ActiveCfg = Release|Any CPU
		{08925B7E-5B1C-4019-8DC2-0397FF17D8E4}.Release|Any CPU.Build.0 = Release|Any CPU
		{A20B5CEA-BE40-4586-BD64-DB3CC006EB9D}.Debug|Any CPU.ActiveCfg = Debug|Any CPU
		{A20B5CEA-BE40-4586-BD64-DB3CC006EB9D}.Debug|Any CPU.Build.0 = Debug|Any CPU
		{A20B5CEA-BE40-4586-BD64-DB3CC006EB9D}.Release|Any CPU.ActiveCfg = Release|Any CPU
		{A20B5CEA-BE40-4586-BD64-DB3CC006EB9D}.Release|Any CPU.Build.0 = Release|Any CPU
		{524B0E1B-FABF-48CC-AC82-185A2491A610}.Debug|Any CPU.ActiveCfg = Debug|Any CPU
		{524B0E1B-FABF-48CC-AC82-185A2491A610}.Debug|Any CPU.Build.0 = Debug|Any CPU
		{524B0E1B-FABF-48CC-AC82-185A2491A610}.Release|Any CPU.ActiveCfg = Release|Any CPU
		{524B0E1B-FABF-48CC-AC82-185A2491A610}.Release|Any CPU.Build.0 = Release|Any CPU
		{5BEF228A-70B9-4E51-88C3-E47CF81D4AE4}.Debug|Any CPU.ActiveCfg = Debug|Any CPU
		{5BEF228A-70B9-4E51-88C3-E47CF81D4AE4}.Debug|Any CPU.Build.0 = Debug|Any CPU
		{5BEF228A-70B9-4E51-88C3-E47CF81D4AE4}.Release|Any CPU.ActiveCfg = Release|Any CPU
		{5BEF228A-70B9-4E51-88C3-E47CF81D4AE4}.Release|Any CPU.Build.0 = Release|Any CPU
		{7F55F964-0186-4560-A102-BA8A226EF3BC}.Debug|Any CPU.ActiveCfg = Debug|Any CPU
		{7F55F964-0186-4560-A102-BA8A226EF3BC}.Debug|Any CPU.Build.0 = Debug|Any CPU
		{7F55F964-0186-4560-A102-BA8A226EF3BC}.Release|Any CPU.ActiveCfg = Release|Any CPU
		{7F55F964-0186-4560-A102-BA8A226EF3BC}.Release|Any CPU.Build.0 = Release|Any CPU
		{254C85CD-A188-4FC6-8B2C-9EDDE7E990B2}.Debug|Any CPU.ActiveCfg = Debug|Any CPU
		{254C85CD-A188-4FC6-8B2C-9EDDE7E990B2}.Debug|Any CPU.Build.0 = Debug|Any CPU
		{254C85CD-A188-4FC6-8B2C-9EDDE7E990B2}.Release|Any CPU.ActiveCfg = Release|Any CPU
		{254C85CD-A188-4FC6-8B2C-9EDDE7E990B2}.Release|Any CPU.Build.0 = Release|Any CPU
		{0670FE70-C12B-4174-AD85-F7F5453C3BBB}.Debug|Any CPU.ActiveCfg = Debug|Any CPU
		{0670FE70-C12B-4174-AD85-F7F5453C3BBB}.Debug|Any CPU.Build.0 = Debug|Any CPU
		{0670FE70-C12B-4174-AD85-F7F5453C3BBB}.Release|Any CPU.ActiveCfg = Release|Any CPU
		{0670FE70-C12B-4174-AD85-F7F5453C3BBB}.Release|Any CPU.Build.0 = Release|Any CPU
	EndGlobalSection
	GlobalSection(SolutionProperties) = preSolution
		HideSolutionNode = FALSE
	EndGlobalSection
	GlobalSection(NestedProjects) = preSolution
		{B62D18C5-E76C-4113-BA3B-191182591E7B} = {39EBA0EE-2841-4732-A2B7-4E5151507B7F}
		{5DB36886-1A33-4513-BF1E-E151F0344D7B} = {39EBA0EE-2841-4732-A2B7-4E5151507B7F}
		{08925B7E-5B1C-4019-8DC2-0397FF17D8E4} = {39EBA0EE-2841-4732-A2B7-4E5151507B7F}
		{A20B5CEA-BE40-4586-BD64-DB3CC006EB9D} = {39EBA0EE-2841-4732-A2B7-4E5151507B7F}
		{524B0E1B-FABF-48CC-AC82-185A2491A610} = {39EBA0EE-2841-4732-A2B7-4E5151507B7F}
		{5BEF228A-70B9-4E51-88C3-E47CF81D4AE4} = {39EBA0EE-2841-4732-A2B7-4E5151507B7F}
		{7F55F964-0186-4560-A102-BA8A226EF3BC} = {B2FA5D09-1576-405A-B22A-0C1EF712AA00}
		{254C85CD-A188-4FC6-8B2C-9EDDE7E990B2} = {B2FA5D09-1576-405A-B22A-0C1EF712AA00}
		{0670FE70-C12B-4174-AD85-F7F5453C3BBB} = {B2FA5D09-1576-405A-B22A-0C1EF712AA00}
	EndGlobalSection
EndGlobal
