
Microsoft Visual Studio Solution File, Format Version 12.00
# Visual Studio 2013
VisualStudioVersion = 12.0.31101.0
MinimumVisualStudioVersion = 10.0.40219.1
Project("{FAE04EC0-301F-11D3-BF4B-00C04F79EFBC}") = "Ovule.Nomad", "Ovule.Nomad\Ovule.Nomad.csproj", "{27DAD5D8-C1AF-4A91-AFA6-17F36282FF26}"
EndProject
Project("{FAE04EC0-301F-11D3-BF4B-00C04F79EFBC}") = "Ovule.Nomad.Client", "Ovule.Nomad.Client\Ovule.Nomad.Client.csproj", "{50C07475-0A00-42AA-82BF-5634EF725CB9}"
EndProject
Project("{FAE04EC0-301F-11D3-BF4B-00C04F79EFBC}") = "Ovule.Nomad.Server", "Ovule.Nomad.Server\Ovule.Nomad.Server.csproj", "{F1FF5F69-2784-47C7-B753-A7B1DEBD43F6}"
EndProject
Project("{FAE04EC0-301F-11D3-BF4B-00C04F79EFBC}") = "Ovule", "Ovule\Ovule.csproj", "{25D61F61-2857-47E2-B2AC-AD82CF632185}"
EndProject
Project("{FAE04EC0-301F-11D3-BF4B-00C04F79EFBC}") = "Ovule.Nomad.Wcf", "Ovule.Nomad.Wcf\Ovule.Nomad.Wcf.csproj", "{AF56B8F0-D5CE-456C-A1C6-B08C50479C47}"
EndProject
Project("{FAE04EC0-301F-11D3-BF4B-00C04F79EFBC}") = "Ovule.Nomad.Server.Email", "Ovule.Nomad.Server.Email\Ovule.Nomad.Server.Email.csproj", "{4A6E85D3-ADE4-42FF-9089-317CC926FA42}"
EndProject
Project("{FAE04EC0-301F-11D3-BF4B-00C04F79EFBC}") = "Ovule.Email", "Ovule.Email\Ovule.Email.csproj", "{C641F304-937A-4E4C-8480-BDA75EE3826E}"
EndProject
Project("{FAE04EC0-301F-11D3-BF4B-00C04F79EFBC}") = "Ovule.Nomad.Client.Email", "Ovule.Nomad.Client.Email\Ovule.Nomad.Client.Email.csproj", "{BD7F699B-5D98-4231-8019-A72A2207DF98}"
EndProject
Project("{2150E333-8FDC-42A3-9474-1A3956D46DE8}") = "Processing", "Processing", "{74C93F82-DBE5-4E66-8EA1-F228341F463F}"
EndProject
Project("{2150E333-8FDC-42A3-9474-1A3956D46DE8}") = "Stock", "Stock", "{CA9D8402-FD57-46A4-9FE1-AC1C90642B16}"
EndProject
Project("{FAE04EC0-301F-11D3-BF4B-00C04F79EFBC}") = "Ovule.Nomad.Server.Stock", "Ovule.Nomad.Server.Stock\Ovule.Nomad.Server.Stock.csproj", "{B39B42F6-9A9A-421F-B824-B891FE71543F}"
EndProject
Project("{2150E333-8FDC-42A3-9474-1A3956D46DE8}") = "Tests", "Tests", "{77CE72CA-B8D8-4C36-90E4-920CA629CCBE}"
EndProject
Project("{FAE04EC0-301F-11D3-BF4B-00C04F79EFBC}") = "Test.Ovule", "Test.Ovule\Test.Ovule.csproj", "{08C62863-A030-4372-888A-0604E4849266}"
EndProject
Project("{FAE04EC0-301F-11D3-BF4B-00C04F79EFBC}") = "Test.Ovule.Email", "Test.Ovule.Email\Test.Ovule.Email.csproj", "{1CA8C423-3BD1-4EAD-8B24-7FBC2B0A36D3}"
EndProject
Project("{FAE04EC0-301F-11D3-BF4B-00C04F79EFBC}") = "Test.Ovule.Nomad", "Test.Ovule.Nomad\Test.Ovule.Nomad.csproj", "{1EB434F0-20F6-4388-82A3-3F1EBD7C9881}"
EndProject
Project("{FAE04EC0-301F-11D3-BF4B-00C04F79EFBC}") = "Test.Ovule.Nomad.Client", "Test.Ovule.Nomad.Client\Test.Ovule.Nomad.Client.csproj", "{FECE0FCC-C8FA-4B1B-B681-3E0539E9C2EA}"
EndProject
Project("{FAE04EC0-301F-11D3-BF4B-00C04F79EFBC}") = "Test.Ovule.Nomad.Client.Email", "Test.Ovule.Nomad.Client.Email\Test.Ovule.Nomad.Client.Email.csproj", "{619F1DBF-1CF5-4817-972E-2C22B348CA48}"
EndProject
Project("{FAE04EC0-301F-11D3-BF4B-00C04F79EFBC}") = "Test.Ovule.Nomad.Server", "Test.Ovule.Nomad.Server\Test.Ovule.Nomad.Server.csproj", "{B654997C-C932-4D6B-99B7-625740568A24}"
EndProject
Project("{FAE04EC0-301F-11D3-BF4B-00C04F79EFBC}") = "Test.Ovule.Nomad.Server.Email", "Test.Ovule.Nomad.Server.Email\Test.Ovule.Nomad.Server.Email.csproj", "{8E3A8205-4DCF-4C15-9B3B-19CD0DC5EF82}"
EndProject
Project("{FAE04EC0-301F-11D3-BF4B-00C04F79EFBC}") = "Test.Ovule.Nomad.Wcf", "Test.Ovule.Nomad.Wcf\Test.Ovule.Nomad.Wcf.csproj", "{459F4EA2-612A-44E7-BB11-E0E729607215}"
EndProject
Project("{2150E333-8FDC-42A3-9474-1A3956D46DE8}") = "Processing", "Processing", "{8B10F2DF-0513-4CA4-8ABA-326975C20569}"
EndProject
Project("{FAE04EC0-301F-11D3-BF4B-00C04F79EFBC}") = "Test.Ovule.Nomad.Processor", "Test.Ovule.Nomad.Processor\Test.Ovule.Nomad.Processor.csproj", "{813F4C8A-E433-4A30-996E-266CEEEB24B8}"
EndProject
Project("{2150E333-8FDC-42A3-9474-1A3956D46DE8}") = "Samples", "Samples", "{8A3972CC-B39B-4586-BAFF-79E71F8257F8}"
EndProject
Project("{2150E333-8FDC-42A3-9474-1A3956D46DE8}") = "Nomad API", "Nomad API", "{D6AF76B4-7898-4B20-B4D9-878A1B692580}"
EndProject
Project("{FAE04EC0-301F-11D3-BF4B-00C04F79EFBC}") = "Ovule.Nomad.Discovery", "Ovule.Nomad.Discovery\Ovule.Nomad.Discovery.csproj", "{11F8D21C-9134-4AEF-A785-24DA5E6ECA0A}"
EndProject
Project("{2150E333-8FDC-42A3-9474-1A3956D46DE8}") = "Basic", "Basic", "{A9D6E3E1-EFE7-4742-8AAC-4118BD7CAFD6}"
EndProject
Project("{FAE04EC0-301F-11D3-BF4B-00C04F79EFBC}") = "Ovule.Nomad.Sample.API.Basic.HelloWorld", "Samples\Ovule.Nomad.Sample.API.Basic.HelloWorld\Ovule.Nomad.Sample.API.Basic.HelloWorld.csproj", "{407AB5F1-310C-4362-9BFD-D6757C3420D6}"
EndProject
Project("{FAE04EC0-301F-11D3-BF4B-00C04F79EFBC}") = "Ovule.Nomad.Sample.API.Basic.Args", "Samples\Ovule.Nomad.Sample.API.Basic.Args\Ovule.Nomad.Sample.API.Basic.Args.csproj", "{56C48155-1057-4D9D-AA25-9855BFBF1F42}"
EndProject
Project("{FAE04EC0-301F-11D3-BF4B-00C04F79EFBC}") = "Ovule.Nomad.Sample.API.Basic.Chain", "Samples\Ovule.Nomad.Sample.API.Basic.Chain\Ovule.Nomad.Sample.API.Basic.Chain.csproj", "{3643130B-0875-4BE4-8599-4F8C85932F58}"
EndProject
Project("{2150E333-8FDC-42A3-9474-1A3956D46DE8}") = "Semi Realistic", "Semi Realistic", "{9F85C592-902E-4240-B5CE-E8151A251884}"
EndProject
Project("{FAE04EC0-301F-11D3-BF4B-00C04F79EFBC}") = "Ovule.Nomad.Sample.SemiRealistic.API.Client", "Samples\Ovule.Nomad.Sample.SemiRealistic.API.Client\Ovule.Nomad.Sample.SemiRealistic.API.Client.csproj", "{94F4530C-D55E-44F9-8778-34F29087762B}"
EndProject
Project("{FAE04EC0-301F-11D3-BF4B-00C04F79EFBC}") = "Ovule.Nomad.Sample.API.Basic.MemberVariables", "Samples\Ovule.Nomad.Sample.API.Basic.MemberVariables\Ovule.Nomad.Sample.API.Basic.MemberVariables.csproj", "{4778B08A-4A80-4E41-9C18-DF7E0D814B98}"
EndProject
Project("{2150E333-8FDC-42A3-9474-1A3956D46DE8}") = "MapReduce", "MapReduce", "{AC79CF09-0E2F-4583-9190-620E68EB5E42}"
EndProject
Project("{FAE04EC0-301F-11D3-BF4B-00C04F79EFBC}") = "Ovule.Nomad.Sample.MapReduce.API.Proto", "Samples\Ovule.Nomad.Sample.MapReduce.API.Proto\Ovule.Nomad.Sample.MapReduce.API.Proto.csproj", "{8AED509E-C29A-4BCE-9A39-4325708A3633}"
EndProject
Project("{2150E333-8FDC-42A3-9474-1A3956D46DE8}") = "P2P", "P2P", "{9EEE1F08-CE04-42D1-BD87-F8038CE0D7C7}"
EndProject
Project("{FAE04EC0-301F-11D3-BF4B-00C04F79EFBC}") = "Ovule.Nomad.Sample.API.Chat", "Samples\Ovule.Nomad.Sample.API.Chat\Ovule.Nomad.Sample.API.Chat.csproj", "{4707284A-E3DE-48F3-AAC2-23108266F380}"
EndProject
Project("{FAE04EC0-301F-11D3-BF4B-00C04F79EFBC}") = "Ovule.Nomad.Sample.SemiRealistic.Business", "Samples\Ovule.Nomad.Sample.SemiRealistic.Business\Ovule.Nomad.Sample.SemiRealistic.Business.csproj", "{2D68890B-6838-4E87-B72B-71AF8FB5C6C8}"
EndProject
Project("{FAE04EC0-301F-11D3-BF4B-00C04F79EFBC}") = "Ovule.Nomad.Sample.SemiRealistic.Data", "Samples\Ovule.Nomad.Sample.SemiRealistic.Data\Ovule.Nomad.Sample.SemiRealistic.Data.csproj", "{5E218D0F-3B71-4B30-B853-424A66BDAA0C}"
EndProject
Project("{FAE04EC0-301F-11D3-BF4B-00C04F79EFBC}") = "Ovule.Nomad.Sample.SemiRealistic.Entity", "Samples\Ovule.Nomad.Sample.SemiRealistic.Entity\Ovule.Nomad.Sample.SemiRealistic.Entity.csproj", "{0670FE70-C12B-4174-AD85-F7F5453C3BBB}"
EndProject
Project("{2150E333-8FDC-42A3-9474-1A3956D46DE8}") = "Load Distribution", "Load Distribution", "{5A68173C-7327-47C5-8FA1-E3DCE54C96FB}"
EndProject
Project("{FAE04EC0-301F-11D3-BF4B-00C04F79EFBC}") = "Ovule.Nomad.Sample.API.BasicLoadDistribution", "Samples\Ovule.Nomad.Sample.API.BasicLoadDistribution\Ovule.Nomad.Sample.API.BasicLoadDistribution.csproj", "{84ECF8DC-49CC-4366-80CD-BED0250CB2B8}"
EndProject
Project("{2150E333-8FDC-42A3-9474-1A3956D46DE8}") = "Network Performance", "Network Performance", "{9327400E-862C-483E-825A-E23197AC1AD5}"
EndProject
Project("{FAE04EC0-301F-11D3-BF4B-00C04F79EFBC}") = "Ovule.Nomad.Sample.API.NetPerformance.Server", "Samples\Ovule.Nomad.Sample.API.NetPerformance.Server\Ovule.Nomad.Sample.API.NetPerformance.Server.csproj", "{ECD2BA1D-31B3-43CB-B5F7-B931DBDD01D5}"
EndProject
Project("{FAE04EC0-301F-11D3-BF4B-00C04F79EFBC}") = "Ovule.Nomad.Sample.API.NetPerformance.Client", "Samples\Ovule.Nomad.Sample.API.NetPerformance.Client\Ovule.Nomad.Sample.API.NetPerformance.Client.csproj", "{484CDB2B-7641-4CBE-8DCA-C0A11FEFA617}"
EndProject
Project("{FAE04EC0-301F-11D3-BF4B-00C04F79EFBC}") = "Ovule.Nomad.Sample.API.NetPerformance.Shared", "Samples\Ovule.Nomad.Sample.API.NetPerformance.Shared\Ovule.Nomad.Sample.API.NetPerformance.Shared.csproj", "{D5897F2F-A6C8-4434-A588-3D17E3FC53CC}"
EndProject
Project("{2150E333-8FDC-42A3-9474-1A3956D46DE8}") = "Fault Tolerance", "Fault Tolerance", "{2BCF2CD3-FF78-4062-A1EA-B37D80F15AEE}"
EndProject
Project("{FAE04EC0-301F-11D3-BF4B-00C04F79EFBC}") = "BasicRetry", "Samples\BasicRetry\BasicRetry.csproj", "{E343564A-A54A-4683-A6D8-7CDBCE3BD4EE}"
EndProject
Project("{FAE04EC0-301F-11D3-BF4B-00C04F79EFBC}") = "BasicFailover", "Samples\BasicFailover\BasicFailover.csproj", "{BDDA0974-5A27-4F13-A5A9-DBB3643A3CFE}"
EndProject
Project("{FAE04EC0-301F-11D3-BF4B-00C04F79EFBC}") = "Ovule.Nomad.Sample.MapReduce.API.Pi", "Samples\Ovule.Nomad.Sample.MapReduce.API.Pi\Ovule.Nomad.Sample.MapReduce.API.Pi.csproj", "{A199E787-8569-4EB1-855B-67364AC8619C}"
EndProject
Global
	GlobalSection(SolutionConfigurationPlatforms) = preSolution
		Debug|Any CPU = Debug|Any CPU
		Release|Any CPU = Release|Any CPU
	EndGlobalSection
	GlobalSection(ProjectConfigurationPlatforms) = postSolution
		{27DAD5D8-C1AF-4A91-AFA6-17F36282FF26}.Debug|Any CPU.ActiveCfg = Debug|Any CPU
		{27DAD5D8-C1AF-4A91-AFA6-17F36282FF26}.Debug|Any CPU.Build.0 = Debug|Any CPU
		{27DAD5D8-C1AF-4A91-AFA6-17F36282FF26}.Release|Any CPU.ActiveCfg = Release|Any CPU
		{27DAD5D8-C1AF-4A91-AFA6-17F36282FF26}.Release|Any CPU.Build.0 = Release|Any CPU
		{50C07475-0A00-42AA-82BF-5634EF725CB9}.Debug|Any CPU.ActiveCfg = Debug|Any CPU
		{50C07475-0A00-42AA-82BF-5634EF725CB9}.Debug|Any CPU.Build.0 = Debug|Any CPU
		{50C07475-0A00-42AA-82BF-5634EF725CB9}.Release|Any CPU.ActiveCfg = Release|Any CPU
		{50C07475-0A00-42AA-82BF-5634EF725CB9}.Release|Any CPU.Build.0 = Release|Any CPU
		{F1FF5F69-2784-47C7-B753-A7B1DEBD43F6}.Debug|Any CPU.ActiveCfg = Debug|Any CPU
		{F1FF5F69-2784-47C7-B753-A7B1DEBD43F6}.Debug|Any CPU.Build.0 = Debug|Any CPU
		{F1FF5F69-2784-47C7-B753-A7B1DEBD43F6}.Release|Any CPU.ActiveCfg = Release|Any CPU
		{F1FF5F69-2784-47C7-B753-A7B1DEBD43F6}.Release|Any CPU.Build.0 = Release|Any CPU
		{25D61F61-2857-47E2-B2AC-AD82CF632185}.Debug|Any CPU.ActiveCfg = Debug|Any CPU
		{25D61F61-2857-47E2-B2AC-AD82CF632185}.Debug|Any CPU.Build.0 = Debug|Any CPU
		{25D61F61-2857-47E2-B2AC-AD82CF632185}.Release|Any CPU.ActiveCfg = Release|Any CPU
		{25D61F61-2857-47E2-B2AC-AD82CF632185}.Release|Any CPU.Build.0 = Release|Any CPU
		{AF56B8F0-D5CE-456C-A1C6-B08C50479C47}.Debug|Any CPU.ActiveCfg = Debug|Any CPU
		{AF56B8F0-D5CE-456C-A1C6-B08C50479C47}.Debug|Any CPU.Build.0 = Debug|Any CPU
		{AF56B8F0-D5CE-456C-A1C6-B08C50479C47}.Release|Any CPU.ActiveCfg = Release|Any CPU
		{AF56B8F0-D5CE-456C-A1C6-B08C50479C47}.Release|Any CPU.Build.0 = Release|Any CPU
		{4A6E85D3-ADE4-42FF-9089-317CC926FA42}.Debug|Any CPU.ActiveCfg = Debug|Any CPU
		{4A6E85D3-ADE4-42FF-9089-317CC926FA42}.Debug|Any CPU.Build.0 = Debug|Any CPU
		{4A6E85D3-ADE4-42FF-9089-317CC926FA42}.Release|Any CPU.ActiveCfg = Release|Any CPU
		{4A6E85D3-ADE4-42FF-9089-317CC926FA42}.Release|Any CPU.Build.0 = Release|Any CPU
		{C641F304-937A-4E4C-8480-BDA75EE3826E}.Debug|Any CPU.ActiveCfg = Debug|Any CPU
		{C641F304-937A-4E4C-8480-BDA75EE3826E}.Debug|Any CPU.Build.0 = Debug|Any CPU
		{C641F304-937A-4E4C-8480-BDA75EE3826E}.Release|Any CPU.ActiveCfg = Release|Any CPU
		{C641F304-937A-4E4C-8480-BDA75EE3826E}.Release|Any CPU.Build.0 = Release|Any CPU
		{BD7F699B-5D98-4231-8019-A72A2207DF98}.Debug|Any CPU.ActiveCfg = Debug|Any CPU
		{BD7F699B-5D98-4231-8019-A72A2207DF98}.Debug|Any CPU.Build.0 = Debug|Any CPU
		{BD7F699B-5D98-4231-8019-A72A2207DF98}.Release|Any CPU.ActiveCfg = Release|Any CPU
		{BD7F699B-5D98-4231-8019-A72A2207DF98}.Release|Any CPU.Build.0 = Release|Any CPU
		{B39B42F6-9A9A-421F-B824-B891FE71543F}.Debug|Any CPU.ActiveCfg = Debug|Any CPU
		{B39B42F6-9A9A-421F-B824-B891FE71543F}.Debug|Any CPU.Build.0 = Debug|Any CPU
		{B39B42F6-9A9A-421F-B824-B891FE71543F}.Release|Any CPU.ActiveCfg = Release|Any CPU
		{B39B42F6-9A9A-421F-B824-B891FE71543F}.Release|Any CPU.Build.0 = Release|Any CPU
		{08C62863-A030-4372-888A-0604E4849266}.Debug|Any CPU.ActiveCfg = Debug|Any CPU
		{08C62863-A030-4372-888A-0604E4849266}.Debug|Any CPU.Build.0 = Debug|Any CPU
		{08C62863-A030-4372-888A-0604E4849266}.Release|Any CPU.ActiveCfg = Release|Any CPU
		{08C62863-A030-4372-888A-0604E4849266}.Release|Any CPU.Build.0 = Release|Any CPU
		{1CA8C423-3BD1-4EAD-8B24-7FBC2B0A36D3}.Debug|Any CPU.ActiveCfg = Debug|Any CPU
		{1CA8C423-3BD1-4EAD-8B24-7FBC2B0A36D3}.Debug|Any CPU.Build.0 = Debug|Any CPU
		{1CA8C423-3BD1-4EAD-8B24-7FBC2B0A36D3}.Release|Any CPU.ActiveCfg = Release|Any CPU
		{1CA8C423-3BD1-4EAD-8B24-7FBC2B0A36D3}.Release|Any CPU.Build.0 = Release|Any CPU
		{1EB434F0-20F6-4388-82A3-3F1EBD7C9881}.Debug|Any CPU.ActiveCfg = Debug|Any CPU
		{1EB434F0-20F6-4388-82A3-3F1EBD7C9881}.Debug|Any CPU.Build.0 = Debug|Any CPU
		{1EB434F0-20F6-4388-82A3-3F1EBD7C9881}.Release|Any CPU.ActiveCfg = Release|Any CPU
		{1EB434F0-20F6-4388-82A3-3F1EBD7C9881}.Release|Any CPU.Build.0 = Release|Any CPU
		{FECE0FCC-C8FA-4B1B-B681-3E0539E9C2EA}.Debug|Any CPU.ActiveCfg = Debug|Any CPU
		{FECE0FCC-C8FA-4B1B-B681-3E0539E9C2EA}.Debug|Any CPU.Build.0 = Debug|Any CPU
		{FECE0FCC-C8FA-4B1B-B681-3E0539E9C2EA}.Release|Any CPU.ActiveCfg = Release|Any CPU
		{FECE0FCC-C8FA-4B1B-B681-3E0539E9C2EA}.Release|Any CPU.Build.0 = Release|Any CPU
		{619F1DBF-1CF5-4817-972E-2C22B348CA48}.Debug|Any CPU.ActiveCfg = Debug|Any CPU
		{619F1DBF-1CF5-4817-972E-2C22B348CA48}.Debug|Any CPU.Build.0 = Debug|Any CPU
		{619F1DBF-1CF5-4817-972E-2C22B348CA48}.Release|Any CPU.ActiveCfg = Release|Any CPU
		{619F1DBF-1CF5-4817-972E-2C22B348CA48}.Release|Any CPU.Build.0 = Release|Any CPU
		{B654997C-C932-4D6B-99B7-625740568A24}.Debug|Any CPU.ActiveCfg = Debug|Any CPU
		{B654997C-C932-4D6B-99B7-625740568A24}.Debug|Any CPU.Build.0 = Debug|Any CPU
		{B654997C-C932-4D6B-99B7-625740568A24}.Release|Any CPU.ActiveCfg = Release|Any CPU
		{B654997C-C932-4D6B-99B7-625740568A24}.Release|Any CPU.Build.0 = Release|Any CPU
		{8E3A8205-4DCF-4C15-9B3B-19CD0DC5EF82}.Debug|Any CPU.ActiveCfg = Debug|Any CPU
		{8E3A8205-4DCF-4C15-9B3B-19CD0DC5EF82}.Debug|Any CPU.Build.0 = Debug|Any CPU
		{8E3A8205-4DCF-4C15-9B3B-19CD0DC5EF82}.Release|Any CPU.ActiveCfg = Release|Any CPU
		{8E3A8205-4DCF-4C15-9B3B-19CD0DC5EF82}.Release|Any CPU.Build.0 = Release|Any CPU
		{459F4EA2-612A-44E7-BB11-E0E729607215}.Debug|Any CPU.ActiveCfg = Debug|Any CPU
		{459F4EA2-612A-44E7-BB11-E0E729607215}.Debug|Any CPU.Build.0 = Debug|Any CPU
		{459F4EA2-612A-44E7-BB11-E0E729607215}.Release|Any CPU.ActiveCfg = Release|Any CPU
		{459F4EA2-612A-44E7-BB11-E0E729607215}.Release|Any CPU.Build.0 = Release|Any CPU
		{813F4C8A-E433-4A30-996E-266CEEEB24B8}.Debug|Any CPU.ActiveCfg = Debug|Any CPU
		{813F4C8A-E433-4A30-996E-266CEEEB24B8}.Debug|Any CPU.Build.0 = Debug|Any CPU
		{813F4C8A-E433-4A30-996E-266CEEEB24B8}.Release|Any CPU.ActiveCfg = Release|Any CPU
		{813F4C8A-E433-4A30-996E-266CEEEB24B8}.Release|Any CPU.Build.0 = Release|Any CPU
		{11F8D21C-9134-4AEF-A785-24DA5E6ECA0A}.Debug|Any CPU.ActiveCfg = Debug|Any CPU
		{11F8D21C-9134-4AEF-A785-24DA5E6ECA0A}.Debug|Any CPU.Build.0 = Debug|Any CPU
		{11F8D21C-9134-4AEF-A785-24DA5E6ECA0A}.Release|Any CPU.ActiveCfg = Release|Any CPU
		{11F8D21C-9134-4AEF-A785-24DA5E6ECA0A}.Release|Any CPU.Build.0 = Release|Any CPU
		{407AB5F1-310C-4362-9BFD-D6757C3420D6}.Debug|Any CPU.ActiveCfg = Debug|Any CPU
		{407AB5F1-310C-4362-9BFD-D6757C3420D6}.Debug|Any CPU.Build.0 = Debug|Any CPU
		{407AB5F1-310C-4362-9BFD-D6757C3420D6}.Release|Any CPU.ActiveCfg = Release|Any CPU
		{407AB5F1-310C-4362-9BFD-D6757C3420D6}.Release|Any CPU.Build.0 = Release|Any CPU
		{56C48155-1057-4D9D-AA25-9855BFBF1F42}.Debug|Any CPU.ActiveCfg = Debug|Any CPU
		{56C48155-1057-4D9D-AA25-9855BFBF1F42}.Debug|Any CPU.Build.0 = Debug|Any CPU
		{56C48155-1057-4D9D-AA25-9855BFBF1F42}.Release|Any CPU.ActiveCfg = Release|Any CPU
		{56C48155-1057-4D9D-AA25-9855BFBF1F42}.Release|Any CPU.Build.0 = Release|Any CPU
		{3643130B-0875-4BE4-8599-4F8C85932F58}.Debug|Any CPU.ActiveCfg = Debug|Any CPU
		{3643130B-0875-4BE4-8599-4F8C85932F58}.Debug|Any CPU.Build.0 = Debug|Any CPU
		{3643130B-0875-4BE4-8599-4F8C85932F58}.Release|Any CPU.ActiveCfg = Release|Any CPU
		{3643130B-0875-4BE4-8599-4F8C85932F58}.Release|Any CPU.Build.0 = Release|Any CPU
		{94F4530C-D55E-44F9-8778-34F29087762B}.Debug|Any CPU.ActiveCfg = Debug|Any CPU
		{94F4530C-D55E-44F9-8778-34F29087762B}.Debug|Any CPU.Build.0 = Debug|Any CPU
		{94F4530C-D55E-44F9-8778-34F29087762B}.Release|Any CPU.ActiveCfg = Release|Any CPU
		{94F4530C-D55E-44F9-8778-34F29087762B}.Release|Any CPU.Build.0 = Release|Any CPU
		{4778B08A-4A80-4E41-9C18-DF7E0D814B98}.Debug|Any CPU.ActiveCfg = Debug|Any CPU
		{4778B08A-4A80-4E41-9C18-DF7E0D814B98}.Debug|Any CPU.Build.0 = Debug|Any CPU
		{4778B08A-4A80-4E41-9C18-DF7E0D814B98}.Release|Any CPU.ActiveCfg = Release|Any CPU
		{4778B08A-4A80-4E41-9C18-DF7E0D814B98}.Release|Any CPU.Build.0 = Release|Any CPU
		{8AED509E-C29A-4BCE-9A39-4325708A3633}.Debug|Any CPU.ActiveCfg = Debug|Any CPU
		{8AED509E-C29A-4BCE-9A39-4325708A3633}.Debug|Any CPU.Build.0 = Debug|Any CPU
		{8AED509E-C29A-4BCE-9A39-4325708A3633}.Release|Any CPU.ActiveCfg = Release|Any CPU
		{8AED509E-C29A-4BCE-9A39-4325708A3633}.Release|Any CPU.Build.0 = Release|Any CPU
		{4707284A-E3DE-48F3-AAC2-23108266F380}.Debug|Any CPU.ActiveCfg = Debug|Any CPU
		{4707284A-E3DE-48F3-AAC2-23108266F380}.Debug|Any CPU.Build.0 = Debug|Any CPU
		{4707284A-E3DE-48F3-AAC2-23108266F380}.Release|Any CPU.ActiveCfg = Release|Any CPU
		{4707284A-E3DE-48F3-AAC2-23108266F380}.Release|Any CPU.Build.0 = Release|Any CPU
		{2D68890B-6838-4E87-B72B-71AF8FB5C6C8}.Debug|Any CPU.ActiveCfg = Debug|Any CPU
		{2D68890B-6838-4E87-B72B-71AF8FB5C6C8}.Debug|Any CPU.Build.0 = Debug|Any CPU
		{2D68890B-6838-4E87-B72B-71AF8FB5C6C8}.Release|Any CPU.ActiveCfg = Release|Any CPU
		{2D68890B-6838-4E87-B72B-71AF8FB5C6C8}.Release|Any CPU.Build.0 = Release|Any CPU
		{5E218D0F-3B71-4B30-B853-424A66BDAA0C}.Debug|Any CPU.ActiveCfg = Debug|Any CPU
		{5E218D0F-3B71-4B30-B853-424A66BDAA0C}.Debug|Any CPU.Build.0 = Debug|Any CPU
		{5E218D0F-3B71-4B30-B853-424A66BDAA0C}.Release|Any CPU.ActiveCfg = Release|Any CPU
		{5E218D0F-3B71-4B30-B853-424A66BDAA0C}.Release|Any CPU.Build.0 = Release|Any CPU
		{0670FE70-C12B-4174-AD85-F7F5453C3BBB}.Debug|Any CPU.ActiveCfg = Debug|Any CPU
		{0670FE70-C12B-4174-AD85-F7F5453C3BBB}.Debug|Any CPU.Build.0 = Debug|Any CPU
		{0670FE70-C12B-4174-AD85-F7F5453C3BBB}.Release|Any CPU.ActiveCfg = Release|Any CPU
		{0670FE70-C12B-4174-AD85-F7F5453C3BBB}.Release|Any CPU.Build.0 = Release|Any CPU
		{84ECF8DC-49CC-4366-80CD-BED0250CB2B8}.Debug|Any CPU.ActiveCfg = Debug|Any CPU
		{84ECF8DC-49CC-4366-80CD-BED0250CB2B8}.Debug|Any CPU.Build.0 = Debug|Any CPU
		{84ECF8DC-49CC-4366-80CD-BED0250CB2B8}.Release|Any CPU.ActiveCfg = Release|Any CPU
		{84ECF8DC-49CC-4366-80CD-BED0250CB2B8}.Release|Any CPU.Build.0 = Release|Any CPU
		{ECD2BA1D-31B3-43CB-B5F7-B931DBDD01D5}.Debug|Any CPU.ActiveCfg = Debug|Any CPU
		{ECD2BA1D-31B3-43CB-B5F7-B931DBDD01D5}.Debug|Any CPU.Build.0 = Debug|Any CPU
		{ECD2BA1D-31B3-43CB-B5F7-B931DBDD01D5}.Release|Any CPU.ActiveCfg = Release|Any CPU
		{ECD2BA1D-31B3-43CB-B5F7-B931DBDD01D5}.Release|Any CPU.Build.0 = Release|Any CPU
		{484CDB2B-7641-4CBE-8DCA-C0A11FEFA617}.Debug|Any CPU.ActiveCfg = Debug|Any CPU
		{484CDB2B-7641-4CBE-8DCA-C0A11FEFA617}.Debug|Any CPU.Build.0 = Debug|Any CPU
		{484CDB2B-7641-4CBE-8DCA-C0A11FEFA617}.Release|Any CPU.ActiveCfg = Release|Any CPU
		{484CDB2B-7641-4CBE-8DCA-C0A11FEFA617}.Release|Any CPU.Build.0 = Release|Any CPU
		{D5897F2F-A6C8-4434-A588-3D17E3FC53CC}.Debug|Any CPU.ActiveCfg = Debug|Any CPU
		{D5897F2F-A6C8-4434-A588-3D17E3FC53CC}.Debug|Any CPU.Build.0 = Debug|Any CPU
		{D5897F2F-A6C8-4434-A588-3D17E3FC53CC}.Release|Any CPU.ActiveCfg = Release|Any CPU
		{D5897F2F-A6C8-4434-A588-3D17E3FC53CC}.Release|Any CPU.Build.0 = Release|Any CPU
		{E343564A-A54A-4683-A6D8-7CDBCE3BD4EE}.Debug|Any CPU.ActiveCfg = Debug|Any CPU
		{E343564A-A54A-4683-A6D8-7CDBCE3BD4EE}.Debug|Any CPU.Build.0 = Debug|Any CPU
		{E343564A-A54A-4683-A6D8-7CDBCE3BD4EE}.Release|Any CPU.ActiveCfg = Release|Any CPU
		{E343564A-A54A-4683-A6D8-7CDBCE3BD4EE}.Release|Any CPU.Build.0 = Release|Any CPU
		{BDDA0974-5A27-4F13-A5A9-DBB3643A3CFE}.Debug|Any CPU.ActiveCfg = Debug|Any CPU
		{BDDA0974-5A27-4F13-A5A9-DBB3643A3CFE}.Debug|Any CPU.Build.0 = Debug|Any CPU
		{BDDA0974-5A27-4F13-A5A9-DBB3643A3CFE}.Release|Any CPU.ActiveCfg = Release|Any CPU
		{BDDA0974-5A27-4F13-A5A9-DBB3643A3CFE}.Release|Any CPU.Build.0 = Release|Any CPU
		{A199E787-8569-4EB1-855B-67364AC8619C}.Debug|Any CPU.ActiveCfg = Debug|Any CPU
		{A199E787-8569-4EB1-855B-67364AC8619C}.Debug|Any CPU.Build.0 = Debug|Any CPU
		{A199E787-8569-4EB1-855B-67364AC8619C}.Release|Any CPU.ActiveCfg = Release|Any CPU
		{A199E787-8569-4EB1-855B-67364AC8619C}.Release|Any CPU.Build.0 = Release|Any CPU
	EndGlobalSection
	GlobalSection(SolutionProperties) = preSolution
		HideSolutionNode = FALSE
	EndGlobalSection
	GlobalSection(NestedProjects) = preSolution
		{B39B42F6-9A9A-421F-B824-B891FE71543F} = {CA9D8402-FD57-46A4-9FE1-AC1C90642B16}
		{08C62863-A030-4372-888A-0604E4849266} = {77CE72CA-B8D8-4C36-90E4-920CA629CCBE}
		{1CA8C423-3BD1-4EAD-8B24-7FBC2B0A36D3} = {77CE72CA-B8D8-4C36-90E4-920CA629CCBE}
		{1EB434F0-20F6-4388-82A3-3F1EBD7C9881} = {77CE72CA-B8D8-4C36-90E4-920CA629CCBE}
		{FECE0FCC-C8FA-4B1B-B681-3E0539E9C2EA} = {77CE72CA-B8D8-4C36-90E4-920CA629CCBE}
		{619F1DBF-1CF5-4817-972E-2C22B348CA48} = {77CE72CA-B8D8-4C36-90E4-920CA629CCBE}
		{B654997C-C932-4D6B-99B7-625740568A24} = {77CE72CA-B8D8-4C36-90E4-920CA629CCBE}
		{8E3A8205-4DCF-4C15-9B3B-19CD0DC5EF82} = {77CE72CA-B8D8-4C36-90E4-920CA629CCBE}
		{459F4EA2-612A-44E7-BB11-E0E729607215} = {77CE72CA-B8D8-4C36-90E4-920CA629CCBE}
		{8B10F2DF-0513-4CA4-8ABA-326975C20569} = {77CE72CA-B8D8-4C36-90E4-920CA629CCBE}
		{813F4C8A-E433-4A30-996E-266CEEEB24B8} = {8B10F2DF-0513-4CA4-8ABA-326975C20569}
		{D6AF76B4-7898-4B20-B4D9-878A1B692580} = {8A3972CC-B39B-4586-BAFF-79E71F8257F8}
		{11F8D21C-9134-4AEF-A785-24DA5E6ECA0A} = {74C93F82-DBE5-4E66-8EA1-F228341F463F}
		{A9D6E3E1-EFE7-4742-8AAC-4118BD7CAFD6} = {D6AF76B4-7898-4B20-B4D9-878A1B692580}
		{407AB5F1-310C-4362-9BFD-D6757C3420D6} = {A9D6E3E1-EFE7-4742-8AAC-4118BD7CAFD6}
		{56C48155-1057-4D9D-AA25-9855BFBF1F42} = {A9D6E3E1-EFE7-4742-8AAC-4118BD7CAFD6}
		{3643130B-0875-4BE4-8599-4F8C85932F58} = {A9D6E3E1-EFE7-4742-8AAC-4118BD7CAFD6}
		{9F85C592-902E-4240-B5CE-E8151A251884} = {D6AF76B4-7898-4B20-B4D9-878A1B692580}
		{94F4530C-D55E-44F9-8778-34F29087762B} = {9F85C592-902E-4240-B5CE-E8151A251884}
		{4778B08A-4A80-4E41-9C18-DF7E0D814B98} = {A9D6E3E1-EFE7-4742-8AAC-4118BD7CAFD6}
		{AC79CF09-0E2F-4583-9190-620E68EB5E42} = {D6AF76B4-7898-4B20-B4D9-878A1B692580}
		{8AED509E-C29A-4BCE-9A39-4325708A3633} = {AC79CF09-0E2F-4583-9190-620E68EB5E42}
		{9EEE1F08-CE04-42D1-BD87-F8038CE0D7C7} = {D6AF76B4-7898-4B20-B4D9-878A1B692580}
		{4707284A-E3DE-48F3-AAC2-23108266F380} = {9EEE1F08-CE04-42D1-BD87-F8038CE0D7C7}
		{2D68890B-6838-4E87-B72B-71AF8FB5C6C8} = {9F85C592-902E-4240-B5CE-E8151A251884}
		{5E218D0F-3B71-4B30-B853-424A66BDAA0C} = {9F85C592-902E-4240-B5CE-E8151A251884}
		{0670FE70-C12B-4174-AD85-F7F5453C3BBB} = {9F85C592-902E-4240-B5CE-E8151A251884}
		{5A68173C-7327-47C5-8FA1-E3DCE54C96FB} = {D6AF76B4-7898-4B20-B4D9-878A1B692580}
		{84ECF8DC-49CC-4366-80CD-BED0250CB2B8} = {5A68173C-7327-47C5-8FA1-E3DCE54C96FB}
		{9327400E-862C-483E-825A-E23197AC1AD5} = {D6AF76B4-7898-4B20-B4D9-878A1B692580}
		{ECD2BA1D-31B3-43CB-B5F7-B931DBDD01D5} = {9327400E-862C-483E-825A-E23197AC1AD5}
		{484CDB2B-7641-4CBE-8DCA-C0A11FEFA617} = {9327400E-862C-483E-825A-E23197AC1AD5}
		{D5897F2F-A6C8-4434-A588-3D17E3FC53CC} = {9327400E-862C-483E-825A-E23197AC1AD5}
		{2BCF2CD3-FF78-4062-A1EA-B37D80F15AEE} = {D6AF76B4-7898-4B20-B4D9-878A1B692580}
		{E343564A-A54A-4683-A6D8-7CDBCE3BD4EE} = {2BCF2CD3-FF78-4062-A1EA-B37D80F15AEE}
		{BDDA0974-5A27-4F13-A5A9-DBB3643A3CFE} = {2BCF2CD3-FF78-4062-A1EA-B37D80F15AEE}
		{A199E787-8569-4EB1-855B-67364AC8619C} = {AC79CF09-0E2F-4583-9190-620E68EB5E42}
	EndGlobalSection
EndGlobal
